
Microsoft Visual Studio Solution File, Format Version 12.00
# Visual Studio 15
VisualStudioVersion = 15.0.26430.6
MinimumVisualStudioVersion = 10.0.40219.1
Project("{FAE04EC0-301F-11D3-BF4B-00C04F79EFBC}") = "QLKHO.Android", "QLKHO.Android\QLKHO.Android.csproj", "{CCE96FC1-B3B4-4193-9F69-1AC06C9F330A}"
EndProject
Project("{FAE04EC0-301F-11D3-BF4B-00C04F79EFBC}") = "DataAccess", "DataAccess\DataAccess.csproj", "{D302CA6D-55C4-4128-8ADB-454390CB5B37}"
EndProject
Project("{FAE04EC0-301F-11D3-BF4B-00C04F79EFBC}") = "Business", "Business\Business.csproj", "{B4A653B2-3359-493C-A904-6478691DD848}"
EndProject
Project("{FAE04EC0-301F-11D3-BF4B-00C04F79EFBC}") = "DataTransferObject", "DataTransferObject\DataTransferObject.csproj", "{DD9786B4-F3B5-4365-B7DA-788964666373}"
EndProject
Global
	GlobalSection(SolutionConfigurationPlatforms) = preSolution
		Debug|Any CPU = Debug|Any CPU
		Release|Any CPU = Release|Any CPU
	EndGlobalSection
	GlobalSection(ProjectConfigurationPlatforms) = postSolution
		{CCE96FC1-B3B4-4193-9F69-1AC06C9F330A}.Debug|Any CPU.ActiveCfg = Debug|Any CPU
		{CCE96FC1-B3B4-4193-9F69-1AC06C9F330A}.Debug|Any CPU.Build.0 = Debug|Any CPU
		{CCE96FC1-B3B4-4193-9F69-1AC06C9F330A}.Debug|Any CPU.Deploy.0 = Debug|Any CPU
		{CCE96FC1-B3B4-4193-9F69-1AC06C9F330A}.Release|Any CPU.ActiveCfg = Release|Any CPU
		{CCE96FC1-B3B4-4193-9F69-1AC06C9F330A}.Release|Any CPU.Build.0 = Release|Any CPU
		{CCE96FC1-B3B4-4193-9F69-1AC06C9F330A}.Release|Any CPU.Deploy.0 = Release|Any CPU
		{D302CA6D-55C4-4128-8ADB-454390CB5B37}.Debug|Any CPU.ActiveCfg = Debug|Any CPU
		{D302CA6D-55C4-4128-8ADB-454390CB5B37}.Debug|Any CPU.Build.0 = Debug|Any CPU
		{D302CA6D-55C4-4128-8ADB-454390CB5B37}.Release|Any CPU.ActiveCfg = Release|Any CPU
		{D302CA6D-55C4-4128-8ADB-454390CB5B37}.Release|Any CPU.Build.0 = Release|Any CPU
		{B4A653B2-3359-493C-A904-6478691DD848}.Debug|Any CPU.ActiveCfg = Debug|Any CPU
		{B4A653B2-3359-493C-A904-6478691DD848}.Debug|Any CPU.Build.0 = Debug|Any CPU
		{B4A653B2-3359-493C-A904-6478691DD848}.Release|Any CPU.ActiveCfg = Release|Any CPU
		{B4A653B2-3359-493C-A904-6478691DD848}.Release|Any CPU.Build.0 = Release|Any CPU
		{DD9786B4-F3B5-4365-B7DA-788964666373}.Debug|Any CPU.ActiveCfg = Debug|Any CPU
		{DD9786B4-F3B5-4365-B7DA-788964666373}.Debug|Any CPU.Build.0 = Debug|Any CPU
		{DD9786B4-F3B5-4365-B7DA-788964666373}.Release|Any CPU.ActiveCfg = Release|Any CPU
		{DD9786B4-F3B5-4365-B7DA-788964666373}.Release|Any CPU.Build.0 = Release|Any CPU
	EndGlobalSection
	GlobalSection(SolutionProperties) = preSolution
		HideSolutionNode = FALSE
	EndGlobalSection
EndGlobal
